github.com/mattn/go-sqlite3 v1.14.6 h1:dNPt6NO46WmLVt2DLNpwczCmdV5boIZ6g/tlDrlRUbg=
github.com/mattn/go-sqlite3 v1.14.6/go.mod h1:NyWgC/yNuGj7Q9rpYnZvas74GogHl5/Z4A/KQRfk6bU=
github.com/paulfdunn/osh v0.1.1 h1:7t3ogtyw88a4cp5zAKV2BRweLBFMKWxvvjj34140zEI=
github.com/paulfdunn/osh v0.1.1/go.mod h1:kIH+neymml6oX08vwas5j1ICEQ/LjGwTsaZfUXuKUmA=
